{
    "name": "poly_intersection_js",
    "lockfileVersion": 2,
    "requires": true,
    "packages": {
        "": {
            "dependencies": {
                "martinez-polygon-clipping": "^0.5.0"
            }
        },
        "node_modules/martinez-polygon-clipping": {
            "version": "0.5.0",
            "resolved": "https://registry.npmjs.org/martinez-polygon-clipping/-/martinez-polygon-clipping-0.5.0.tgz",
            "integrity": "sha512-FvHURxJTieS4LEHL+aJmWbqCUBk2GrYU5zolgXNAQLJsjnAff7Hqqk5MM1Kl91FnPOcyiAs/cVey11bb0D7qug==",
            "dependencies": {
                "splaytree": "^0.1.4",
                "tinyqueue": "^1.2.0"
            }
        },
        "node_modules/splaytree": {
            "version": "0.1.4",
            "resolved": "https://registry.npmjs.org/splaytree/-/splaytree-0.1.4.tgz",
            "integrity": "sha512-D50hKrjZgBzqD3FT2Ek53f2dcDLAQT8SSGrzj3vidNH5ISRgceeGVJ2dQIthKOuayqFXfFjXheHNo4bbt9LhRQ=="
        },
        "node_modules/tinyqueue": {
            "version": "1.2.3",
            "resolved": "https://registry.npmjs.org/tinyqueue/-/tinyqueue-1.2.3.tgz",
            "integrity": "sha512-Qz9RgWuO9l8lT+Y9xvbzhPT2efIUIFd69N7eF7tJ9lnQl0iLj1M7peK7IoUGZL9DJHw9XftqLreccfxcQgYLxA=="
        }
    },
    "dependencies": {
        "martinez-polygon-clipping": {
            "version": "0.5.0",
            "resolved": "https://registry.npmjs.org/martinez-polygon-clipping/-/martinez-polygon-clipping-0.5.0.tgz",
            "integrity": "sha512-FvHURxJTieS4LEHL+aJmWbqCUBk2GrYU5zolgXNAQLJsjnAff7Hqqk5MM1Kl91FnPOcyiAs/cVey11bb0D7qug==",
            "requires": {
                "splaytree": "^0.1.4",
                "tinyqueue": "^1.2.0"
            }
        },
        "splaytree": {
            "version": "0.1.4",
            "resolved": "https://registry.npmjs.org/splaytree/-/splaytree-0.1.4.tgz",
            "integrity": "sha512-D50hKrjZgBzqD3FT2Ek53f2dcDLAQT8SSGrzj3vidNH5ISRgceeGVJ2dQIthKOuayqFXfFjXheHNo4bbt9LhRQ=="
        },
        "tinyqueue": {
            "version": "1.2.3",
            "resolved": "https://registry.npmjs.org/tinyqueue/-/tinyqueue-1.2.3.tgz",
            "integrity": "sha512-Qz9RgWuO9l8lT+Y9xvbzhPT2efIUIFd69N7eF7tJ9lnQl0iLj1M7peK7IoUGZL9DJHw9XftqLreccfxcQgYLxA=="
        }
    }
}
